
Microsoft Visual Studio Solution File, Format Version 12.00
# Visual Studio Version 17
VisualStudioVersion = 17.4.32912.340
MinimumVisualStudioVersion = 10.0.40219.1
Project("{FAE04EC0-301F-11D3-BF4B-00C04F79EFBC}") = "CCW.Admin.Tests", "CCW.Admin.Tests.csproj", "{4c728c75-83d1-4faf-a69e-4ad096b7842b}"
EndProject
Global
	GlobalSection(SolutionConfigurationPlatforms) = preSolution
		Debug|Any CPU = Debug|Any CPU
		Release|Any CPU = Release|Any CPU
	EndGlobalSection
	GlobalSection(ProjectConfigurationPlatforms) = postSolution
		{4c728c75-83d1-4faf-a69e-4ad096b7842b}.Debug|Any CPU.ActiveCfg = Debug|Any CPU
		{4c728c75-83d1-4faf-a69e-4ad096b7842b}.Debug|Any CPU.Build.0 = Debug|Any CPU
		{4c728c75-83d1-4faf-a69e-4ad096b7842b}.Release|Any CPU.ActiveCfg = Release|Any CPU
		{4c728c75-83d1-4faf-a69e-4ad096b7842b}.Release|Any CPU.Build.0 = Release|Any CPU
	EndGlobalSection
	GlobalSection(SolutionProperties) = preSolution
		HideSolutionNode = FALSE
	EndGlobalSection
	GlobalSection(ExtensibilityGlobals) = postSolution
		SolutionGuid = {32fb4d35-55e6-44e2-b234-b165b3674712}
	EndGlobalSection
EndGlobal
