
Microsoft Visual Studio Solution File, Format Version 12.00
# Visual Studio Version 17
VisualStudioVersion = 17.4.32912.340
MinimumVisualStudioVersion = 10.0.40219.1
Project("{FAE04EC0-301F-11D3-BF4B-00C04F79EFBC}") = "CCW.Schedule.Tests", "CCW.Schedule.Tests.csproj", "{e7661356-aa2f-4456-8e92-a26415f82d82}"
EndProject
Global
	GlobalSection(SolutionConfigurationPlatforms) = preSolution
		Debug|Any CPU = Debug|Any CPU
		Release|Any CPU = Release|Any CPU
	EndGlobalSection
	GlobalSection(ProjectConfigurationPlatforms) = postSolution
		{e7661356-aa2f-4456-8e92-a26415f82d82}.Debug|Any CPU.ActiveCfg = Debug|Any CPU
		{e7661356-aa2f-4456-8e92-a26415f82d82}.Debug|Any CPU.Build.0 = Debug|Any CPU
		{e7661356-aa2f-4456-8e92-a26415f82d82}.Release|Any CPU.ActiveCfg = Release|Any CPU
		{e7661356-aa2f-4456-8e92-a26415f82d82}.Release|Any CPU.Build.0 = Release|Any CPU
	EndGlobalSection
	GlobalSection(SolutionProperties) = preSolution
		HideSolutionNode = FALSE
	EndGlobalSection
	GlobalSection(ExtensibilityGlobals) = postSolution
		SolutionGuid = {9944ae26-4206-48fc-a18a-860a535235f0}
	EndGlobalSection
EndGlobal
