
Microsoft Visual Studio Solution File, Format Version 12.00
# Visual Studio Version 17
VisualStudioVersion = 17.4.32912.340
MinimumVisualStudioVersion = 10.0.40219.1
Project("{9A19103F-16F7-4668-BE54-9A1E7A4F7556}") = "CCW.Document", "CCW.Document.csproj", "{6E72F57A-68AE-4BCF-9026-60FF72A8E051}"
EndProject
Project("{9A19103F-16F7-4668-BE54-9A1E7A4F7556}") = "CCW.Common", "..\CCW.Common\CCW.Common.csproj", "{850F6A07-348F-4DCE-8014-C972DEF2169B}"
EndProject
Global
	GlobalSection(SolutionConfigurationPlatforms) = preSolution
		Debug|Any CPU = Debug|Any CPU
		Release|Any CPU = Release|Any CPU
	EndGlobalSection
	GlobalSection(ProjectConfigurationPlatforms) = postSolution
		{6E72F57A-68AE-4BCF-9026-60FF72A8E051}.Debug|Any CPU.ActiveCfg = Debug|Any CPU
		{6E72F57A-68AE-4BCF-9026-60FF72A8E051}.Debug|Any CPU.Build.0 = Debug|Any CPU
		{6E72F57A-68AE-4BCF-9026-60FF72A8E051}.Release|Any CPU.ActiveCfg = Release|Any CPU
		{6E72F57A-68AE-4BCF-9026-60FF72A8E051}.Release|Any CPU.Build.0 = Release|Any CPU
		{850F6A07-348F-4DCE-8014-C972DEF2169B}.Debug|Any CPU.ActiveCfg = Debug|Any CPU
		{850F6A07-348F-4DCE-8014-C972DEF2169B}.Debug|Any CPU.Build.0 = Debug|Any CPU
		{850F6A07-348F-4DCE-8014-C972DEF2169B}.Release|Any CPU.ActiveCfg = Release|Any CPU
		{850F6A07-348F-4DCE-8014-C972DEF2169B}.Release|Any CPU.Build.0 = Release|Any CPU
	EndGlobalSection
	GlobalSection(SolutionProperties) = preSolution
		HideSolutionNode = FALSE
	EndGlobalSection
	GlobalSection(ExtensibilityGlobals) = postSolution
		SolutionGuid = {89496695-3D65-4AD8-9288-4818232E9E07}
	EndGlobalSection
EndGlobal
